
Microsoft Visual Studio Solution File, Format Version 12.00
# Visual Studio Version 17
VisualStudioVersion = 17.6.33723.286
MinimumVisualStudioVersion = 10.0.40219.1
Project("{9A19103F-16F7-4668-BE54-9A1E7A4F7556}") = "Locadora-API", "LocadoraAPI\Locadora-API.csproj", "{140F9621-3763-4DC1-B9B9-B53FB3E9BCF6}"
EndProject
Project("{54A90642-561A-4BB1-A94E-469ADEE60C69}") = "locadora-frontend", "Locadora-FrontEnd\locadora-frontend.esproj", "{6C34A6A9-ABB4-420A-A2DC-D4D65181A3B1}"
EndProject
Global
	GlobalSection(SolutionConfigurationPlatforms) = preSolution
		Debug|Any CPU = Debug|Any CPU
		Release|Any CPU = Release|Any CPU
	EndGlobalSection
	GlobalSection(ProjectConfigurationPlatforms) = postSolution
		{140F9621-3763-4DC1-B9B9-B53FB3E9BCF6}.Debug|Any CPU.ActiveCfg = Debug|Any CPU
		{140F9621-3763-4DC1-B9B9-B53FB3E9BCF6}.Debug|Any CPU.Build.0 = Debug|Any CPU
		{140F9621-3763-4DC1-B9B9-B53FB3E9BCF6}.Release|Any CPU.ActiveCfg = Release|Any CPU
		{140F9621-3763-4DC1-B9B9-B53FB3E9BCF6}.Release|Any CPU.Build.0 = Release|Any CPU
		{6C34A6A9-ABB4-420A-A2DC-D4D65181A3B1}.Debug|Any CPU.ActiveCfg = Debug|Any CPU
		{6C34A6A9-ABB4-420A-A2DC-D4D65181A3B1}.Debug|Any CPU.Build.0 = Debug|Any CPU
		{6C34A6A9-ABB4-420A-A2DC-D4D65181A3B1}.Debug|Any CPU.Deploy.0 = Debug|Any CPU
		{6C34A6A9-ABB4-420A-A2DC-D4D65181A3B1}.Release|Any CPU.ActiveCfg = Release|Any CPU
		{6C34A6A9-ABB4-420A-A2DC-D4D65181A3B1}.Release|Any CPU.Build.0 = Release|Any CPU
		{6C34A6A9-ABB4-420A-A2DC-D4D65181A3B1}.Release|Any CPU.Deploy.0 = Release|Any CPU
	EndGlobalSection
	GlobalSection(SolutionProperties) = preSolution
		HideSolutionNode = FALSE
	EndGlobalSection
	GlobalSection(ExtensibilityGlobals) = postSolution
		SolutionGuid = {2C2716DE-9A7E-4B8A-AECB-ECE895160099}
	EndGlobalSection
EndGlobal
